
Microsoft Visual Studio Solution File, Format Version 12.00
# Visual Studio Version 16
VisualStudioVersion = 16.0.29609.76
MinimumVisualStudioVersion = 10.0.40219.1
Project("{9A19103F-16F7-4668-BE54-9A1E7A4F7556}") = "KoleksiyonTakibi", "KoleksiyonTakibi\KoleksiyonTakibi.csproj", "{1DD0EF87-E94A-4135-80B9-E3D3449162F1}"
EndProject
Global
	GlobalSection(SolutionConfigurationPlatforms) = preSolution
		Debug|Any CPU = Debug|Any CPU
		Release|Any CPU = Release|Any CPU
	EndGlobalSection
	GlobalSection(ProjectConfigurationPlatforms) = postSolution
		{1DD0EF87-E94A-4135-80B9-E3D3449162F1}.Debug|Any CPU.ActiveCfg = Debug|Any CPU
		{1DD0EF87-E94A-4135-80B9-E3D3449162F1}.Debug|Any CPU.Build.0 = Debug|Any CPU
		{1DD0EF87-E94A-4135-80B9-E3D3449162F1}.Release|Any CPU.ActiveCfg = Release|Any CPU
		{1DD0EF87-E94A-4135-80B9-E3D3449162F1}.Release|Any CPU.Build.0 = Release|Any CPU
	EndGlobalSection
	GlobalSection(SolutionProperties) = preSolution
		HideSolutionNode = FALSE
	EndGlobalSection
	GlobalSection(ExtensibilityGlobals) = postSolution
		SolutionGuid = {E534B11F-B62A-42C7-B80F-B6257374A565}
	EndGlobalSection
EndGlobal
